
Microsoft Visual Studio Solution File, Format Version 10.00
# Visual Studio 2008
Project("{8BC9CEB8-8B4A-11D0-8D11-00A0C91BC942}") = "Sandbot", "Sandbot.vcproj", "{21B87DAD-4AA5-4BB7-A1EA-40BC1DEBB6F3}"
EndProject
Global
	GlobalSection(SolutionConfigurationPlatforms) = preSolution
		Debug|Win32 = Debug|Win32
		Release|Win32 = Release|Win32
	EndGlobalSection
	GlobalSection(ProjectConfigurationPlatforms) = postSolution
		{21B87DAD-4AA5-4BB7-A1EA-40BC1DEBB6F3}.Debug|Win32.ActiveCfg = Debug|Win32
		{21B87DAD-4AA5-4BB7-A1EA-40BC1DEBB6F3}.Debug|Win32.Build.0 = Debug|Win32
		{21B87DAD-4AA5-4BB7-A1EA-40BC1DEBB6F3}.Release|Win32.ActiveCfg = Release|Win32
		{21B87DAD-4AA5-4BB7-A1EA-40BC1DEBB6F3}.Release|Win32.Build.0 = Release|Win32
	EndGlobalSection
	GlobalSection(SolutionProperties) = preSolution
		HideSolutionNode = FALSE
	EndGlobalSection
EndGlobal
