<?xml version="1.0" encoding="utf-8"?>
<Project ToolsVersion="4.0" xmlns="http://schemas.microsoft.com/developer/msbuild/2003">
  <ItemGroup>
    <Filter Include="Source Files">
      <UniqueIdentifier>{4FC737F1-C7A5-4376-A066-2A32D752A2FF}</UniqueIdentifier>
      <Extensions>cpp;c;cc;cxx;c++;cppm;ixx;def;odl;idl;hpj;bat;asm;asmx</Extensions>
    </Filter>
    <Filter Include="Header Files">
      <UniqueIdentifier>{93995380-89BD-4b04-88EB-625FBE52EBFB}</UniqueIdentifier>
      <Extensions>h;hh;hpp;hxx;h++;hm;inl;inc;ipp;xsd</Extensions>
    </Filter>
    <Filter Include="Resource Files">
      <UniqueIdentifier>{67DA6AB6-F800-4c08-8B7A-83BB121AAD01}</UniqueIdentifier>
      <Extensions>rc;ico;cur;bmp;dlg;rc2;rct;bin;rgs;gif;jpg;jpeg;jpe;resx;tiff;tif;png;wav;mfcribbon-ms</Extensions>
    </Filter>
  </ItemGroup>
  <ItemGroup>
    <ClCompile Include="bot.cpp">
      <Filter>Source Files</Filter>
    </ClCompile>
    <ClCompile Include="bot_client.cpp">
      <Filter>Source Files</Filter>
    </ClCompile>
    <ClCompile Include="bot_combat.cpp">
      <Filter>Source Files</Filter>
    </ClCompile>
    <ClCompile Include="bot_combat_test.cpp">
      <Filter>Source Files</Filter>
    </ClCompile>
    <ClCompile Include="bot_dmc.cpp">
      <Filter>Source Files</Filter>
    </ClCompile>
    <ClCompile Include="bot_dod.cpp">
      <Filter>Source Files</Filter>
    </ClCompile>
    <ClCompile Include="bot_gunman.cpp">
      <Filter>Source Files</Filter>
    </ClCompile>
    <ClCompile Include="bot_gunman_test.cpp">
      <Filter>Source Files</Filter>
    </ClCompile>
    <ClCompile Include="bot_halflife.cpp">
      <Filter>Source Files</Filter>
    </ClCompile>
    <ClCompile Include="bot_hunger.cpp">
      <Filter>Source Files</Filter>
    </ClCompile>
    <ClCompile Include="bot_navigate.cpp">
      <Filter>Source Files</Filter>
    </ClCompile>
    <ClCompile Include="bot_ns.cpp">
      <Filter>Source Files</Filter>
    </ClCompile>
    <ClCompile Include="bot_opposingforce.cpp">
      <Filter>Source Files</Filter>
    </ClCompile>
    <ClCompile Include="bot_ship.cpp">
      <Filter>Source Files</Filter>
    </ClCompile>
    <ClCompile Include="bot_svencoop.cpp">
      <Filter>Source Files</Filter>
    </ClCompile>
    <ClCompile Include="bot_test.cpp">
      <Filter>Source Files</Filter>
    </ClCompile>
    <ClCompile Include="bot_tfc.cpp">
      <Filter>Source Files</Filter>
    </ClCompile>
    <ClCompile Include="dll.cpp">
      <Filter>Source Files</Filter>
    </ClCompile>
    <ClCompile Include="engine.cpp">
      <Filter>Source Files</Filter>
    </ClCompile>
    <ClCompile Include="game.cpp">
      <Filter>Source Files</Filter>
    </ClCompile>
    <ClCompile Include="game_dayofdefeat.cpp">
      <Filter>Source Files</Filter>
    </ClCompile>
    <ClCompile Include="game_deathmatchclassic.cpp">
      <Filter>Source Files</Filter>
    </ClCompile>
    <ClCompile Include="game_gunmanchronicles.cpp">
      <Filter>Source Files</Filter>
    </ClCompile>
    <ClCompile Include="game_halflife.cpp">
      <Filter>Source Files</Filter>
    </ClCompile>
    <ClCompile Include="game_naturalselection.cpp">
      <Filter>Source Files</Filter>
    </ClCompile>
    <ClCompile Include="game_opposingforce.cpp">
      <Filter>Source Files</Filter>
    </ClCompile>
    <ClCompile Include="game_ricochet.cpp">
      <Filter>Source Files</Filter>
    </ClCompile>
    <ClCompile Include="game_svencoop.cpp">
      <Filter>Source Files</Filter>
    </ClCompile>
    <ClCompile Include="game_teamfortressclassic.cpp">
      <Filter>Source Files</Filter>
    </ClCompile>
    <ClCompile Include="game_test.cpp">
      <Filter>Source Files</Filter>
    </ClCompile>
    <ClCompile Include="game_theship.cpp">
      <Filter>Source Files</Filter>
    </ClCompile>
    <ClCompile Include="game_theyhunger.cpp">
      <Filter>Source Files</Filter>
    </ClCompile>
    <ClCompile Include="h_export.cpp">
      <Filter>Source Files</Filter>
    </ClCompile>
    <ClCompile Include="h_export_test.cpp">
      <Filter>Source Files</Filter>
    </ClCompile>
    <ClCompile Include="linkfunc.cpp">
      <Filter>Source Files</Filter>
    </ClCompile>
    <ClCompile Include="meta_api.cpp">
      <Filter>Source Files</Filter>
    </ClCompile>
    <ClCompile Include="util.cpp">
      <Filter>Source Files</Filter>
    </ClCompile>
    <ClCompile Include="util_test.cpp">
      <Filter>Source Files</Filter>
    </ClCompile>
    <ClCompile Include="waypoint.cpp">
      <Filter>Source Files</Filter>
    </ClCompile>
    <ClCompile Include="waypoint_test.cpp">
      <Filter>Source Files</Filter>
    </ClCompile>
    <ClCompile Include="..\common\interface.cpp">
      <Filter>Source Files</Filter>
    </ClCompile>
    <ClCompile Include="..\foolsgoldsource\foolsgoldsource.cpp">
      <Filter>Source Files</Filter>
    </ClCompile>
  </ItemGroup>
  <ItemGroup>
    <ClInclude Include="activity.h">
      <Filter>Header Files</Filter>
    </ClInclude>
    <ClInclude Include="basemonster.h">
      <Filter>Header Files</Filter>
    </ClInclude>
    <ClInclude Include="bot.h">
      <Filter>Header Files</Filter>
    </ClInclude>
    <ClInclude Include="bot_client.h">
      <Filter>Header Files</Filter>
    </ClInclude>
    <ClInclude Include="bot_func.h">
      <Filter>Header Files</Filter>
    </ClInclude>
    <ClInclude Include="bot_svencoop.h">
      <Filter>Header Files</Filter>
    </ClInclude>
    <ClInclude Include="bot_weapons.h">
      <Filter>Header Files</Filter>
    </ClInclude>
    <ClInclude Include="cbase.h">
      <Filter>Header Files</Filter>
    </ClInclude>
    <ClInclude Include="cdll_dll.h">
      <Filter>Header Files</Filter>
    </ClInclude>
    <ClInclude Include="dll.h">
      <Filter>Header Files</Filter>
    </ClInclude>
    <ClInclude Include="engine.h">
      <Filter>Header Files</Filter>
    </ClInclude>
    <ClInclude Include="enginecallback.h">
      <Filter>Header Files</Filter>
    </ClInclude>
    <ClInclude Include="extdll.h">
      <Filter>Header Files</Filter>
    </ClInclude>
    <ClInclude Include="game.h">
      <Filter>Header Files</Filter>
    </ClInclude>
    <ClInclude Include="game_dayofdefeat.h">
      <Filter>Header Files</Filter>
    </ClInclude>
    <ClInclude Include="game_deathmatchclassic.h">
      <Filter>Header Files</Filter>
    </ClInclude>
    <ClInclude Include="game_gunmanchronicles.h">
      <Filter>Header Files</Filter>
    </ClInclude>
    <ClInclude Include="game_halflife.h">
      <Filter>Header Files</Filter>
    </ClInclude>
    <ClInclude Include="game_naturalselection.h">
      <Filter>Header Files</Filter>
    </ClInclude>
    <ClInclude Include="game_opposingforce.h">
      <Filter>Header Files</Filter>
    </ClInclude>
    <ClInclude Include="game_ricochet.h">
      <Filter>Header Files</Filter>
    </ClInclude>
    <ClInclude Include="game_svencoop.h">
      <Filter>Header Files</Filter>
    </ClInclude>
    <ClInclude Include="game_teamfortressclassic.h">
      <Filter>Header Files</Filter>
    </ClInclude>
    <ClInclude Include="game_theship.h">
      <Filter>Header Files</Filter>
    </ClInclude>
    <ClInclude Include="game_theyhunger.h">
      <Filter>Header Files</Filter>
    </ClInclude>
    <ClInclude Include="h_export.h">
      <Filter>Header Files</Filter>
    </ClInclude>
    <ClInclude Include="linkfunc.h">
      <Filter>Header Files</Filter>
    </ClInclude>
    <ClInclude Include="metamod.h">
      <Filter>Header Files</Filter>
    </ClInclude>
    <ClInclude Include="monsterevent.h">
      <Filter>Header Files</Filter>
    </ClInclude>
    <ClInclude Include="saverestore.h">
      <Filter>Header Files</Filter>
    </ClInclude>
    <ClInclude Include="schedule.h">
      <Filter>Header Files</Filter>
    </ClInclude>
    <ClInclude Include="util.h">
      <Filter>Header Files</Filter>
    </ClInclude>
    <ClInclude Include="vector.h">
      <Filter>Header Files</Filter>
    </ClInclude>
    <ClInclude Include="waypoint.h">
      <Filter>Header Files</Filter>
    </ClInclude>
    <ClInclude Include="wpt.h">
      <Filter>Header Files</Filter>
    </ClInclude>
  </ItemGroup>
</Project>