<?xml version="1.0" encoding="utf-8"?>
<Project ToolsVersion="4.0" xmlns="http://schemas.microsoft.com/developer/msbuild/2003">
  <ItemGroup>
    <Filter Include="Source Files">
      <UniqueIdentifier>{76728a12-b25f-40d2-b6db-77fa4ebfd856}</UniqueIdentifier>
      <Extensions>cpp;c;cxx;rc;def;r;odl;idl;hpj;bat;for;f90</Extensions>
    </Filter>
    <Filter Include="Header Files">
      <UniqueIdentifier>{8c06360f-b15c-462c-92b4-e0d5b8134bce}</UniqueIdentifier>
      <Extensions>h;hpp;hxx;hm;inl;fi;fd</Extensions>
    </Filter>
    <Filter Include="Resource Files">
      <UniqueIdentifier>{19b67708-588c-4bc6-996f-cd060ecef238}</UniqueIdentifier>
      <Extensions>ico;cur;bmp;dlg;rc2;rct;bin;cnt;rtf;gif;jpg;jpeg;jpe</Extensions>
    </Filter>
  </ItemGroup>
  <ItemGroup>
    <ClCompile Include="bot.cpp">
      <Filter>Source Files</Filter>
    </ClCompile>
    <ClCompile Include="bot_client.cpp">
      <Filter>Source Files</Filter>
    </ClCompile>
    <ClCompile Include="bot_combat.cpp">
      <Filter>Source Files</Filter>
    </ClCompile>
    <ClCompile Include="bot_dod.cpp">
      <Filter>Source Files</Filter>
    </ClCompile>
    <ClCompile Include="bot_gunman.cpp">
      <Filter>Source Files</Filter>
    </ClCompile>
    <ClCompile Include="bot_halflife.cpp">
      <Filter>Source Files</Filter>
    </ClCompile>
    <ClCompile Include="bot_hunger.cpp">
      <Filter>Source Files</Filter>
    </ClCompile>
    <ClCompile Include="bot_navigate.cpp">
      <Filter>Source Files</Filter>
    </ClCompile>
    <ClCompile Include="bot_ns.cpp">
      <Filter>Source Files</Filter>
    </ClCompile>
    <ClCompile Include="bot_opposingforce.cpp">
      <Filter>Source Files</Filter>
    </ClCompile>
    <ClCompile Include="bot_ship.cpp">
      <Filter>Source Files</Filter>
    </ClCompile>
    <ClCompile Include="bot_tfc.cpp">
      <Filter>Source Files</Filter>
    </ClCompile>
    <ClCompile Include="dll.cpp">
      <Filter>Source Files</Filter>
    </ClCompile>
    <ClCompile Include="engine.cpp">
      <Filter>Source Files</Filter>
    </ClCompile>
    <ClCompile Include="h_export.cpp">
      <Filter>Source Files</Filter>
    </ClCompile>
    <ClCompile Include="linkfunc.cpp">
      <Filter>Source Files</Filter>
    </ClCompile>
    <ClCompile Include="meta_api.cpp">
      <Filter>Source Files</Filter>
    </ClCompile>
    <ClCompile Include="util.cpp">
      <Filter>Source Files</Filter>
    </ClCompile>
    <ClCompile Include="waypoint.cpp">
      <Filter>Source Files</Filter>
    </ClCompile>
    <ClCompile Include="game.cpp">
      <Filter>Source Files</Filter>
    </ClCompile>
    <ClCompile Include="h_export_test.cpp">
      <Filter>Source Files</Filter>
    </ClCompile>
    <ClCompile Include="bot_test.cpp">
      <Filter>Source Files</Filter>
    </ClCompile>
    <ClCompile Include="util_test.cpp">
      <Filter>Source Files</Filter>
    </ClCompile>
    <ClCompile Include="waypoint_test.cpp">
      <Filter>Source Files</Filter>
    </ClCompile>
    <ClCompile Include="game_test.cpp">
      <Filter>Source Files</Filter>
    </ClCompile>
    <ClCompile Include="..\foolsgoldsource\foolsgoldsource.cpp">
      <Filter>Source Files</Filter>
    </ClCompile>
    <ClCompile Include="game_halflife.cpp">
      <Filter>Source Files</Filter>
    </ClCompile>
    <ClCompile Include="game_dayofdefeat.cpp">
      <Filter>Source Files</Filter>
    </ClCompile>
    <ClCompile Include="game_gunmanchronicles.cpp">
      <Filter>Source Files</Filter>
    </ClCompile>
    <ClCompile Include="game_naturalselection.cpp">
      <Filter>Source Files</Filter>
    </ClCompile>
    <ClCompile Include="game_opposingforce.cpp">
      <Filter>Source Files</Filter>
    </ClCompile>
    <ClCompile Include="game_teamfortressclassic.cpp">
      <Filter>Source Files</Filter>
    </ClCompile>
    <ClCompile Include="game_theship.cpp">
      <Filter>Source Files</Filter>
    </ClCompile>
    <ClCompile Include="game_theyhunger.cpp">
      <Filter>Source Files</Filter>
    </ClCompile>
    <ClCompile Include="bot_combat_test.cpp">
      <Filter>Source Files</Filter>
    </ClCompile>
    <ClCompile Include="bot_gunman_test.cpp">
      <Filter>Source Files</Filter>
    </ClCompile>
  </ItemGroup>
  <ItemGroup>
    <ClInclude Include="bot.h">
      <Filter>Header Files</Filter>
    </ClInclude>
    <ClInclude Include="bot_client.h">
      <Filter>Header Files</Filter>
    </ClInclude>
    <ClInclude Include="bot_func.h">
      <Filter>Header Files</Filter>
    </ClInclude>
    <ClInclude Include="bot_weapons.h">
      <Filter>Header Files</Filter>
    </ClInclude>
    <ClInclude Include="cdll_dll.h">
      <Filter>Header Files</Filter>
    </ClInclude>
    <ClInclude Include="enginecallback.h">
      <Filter>Header Files</Filter>
    </ClInclude>
    <ClInclude Include="extdll.h">
      <Filter>Header Files</Filter>
    </ClInclude>
    <ClInclude Include="util.h">
      <Filter>Header Files</Filter>
    </ClInclude>
    <ClInclude Include="vector.h">
      <Filter>Header Files</Filter>
    </ClInclude>
    <ClInclude Include="waypoint.h">
      <Filter>Header Files</Filter>
    </ClInclude>
    <ClInclude Include="linkfunc.h">
      <Filter>Header Files</Filter>
    </ClInclude>
    <ClInclude Include="h_export.h">
      <Filter>Header Files</Filter>
    </ClInclude>
    <ClInclude Include="game.h">
      <Filter>Header Files</Filter>
    </ClInclude>
    <ClInclude Include="metamod.h">
      <Filter>Header Files</Filter>
    </ClInclude>
    <ClInclude Include="wpt.h">
      <Filter>Header Files</Filter>
    </ClInclude>
    <ClInclude Include="..\foolsgoldsource\foolsgoldsource.h">
      <Filter>Header Files</Filter>
    </ClInclude>
    <ClInclude Include="..\foolsgoldsource\vscu_test.h">
      <Filter>Header Files</Filter>
    </ClInclude>
    <ClInclude Include="game_halflife.h">
      <Filter>Header Files</Filter>
    </ClInclude>
    <ClInclude Include="game_dayofdefeat.h">
      <Filter>Header Files</Filter>
    </ClInclude>
    <ClInclude Include="game_gunmanchronicles.h">
      <Filter>Header Files</Filter>
    </ClInclude>
    <ClInclude Include="game_naturalselection.h">
      <Filter>Header Files</Filter>
    </ClInclude>
    <ClInclude Include="game_opposingforce.h">
      <Filter>Header Files</Filter>
    </ClInclude>
    <ClInclude Include="game_teamfortressclassic.h">
      <Filter>Header Files</Filter>
    </ClInclude>
    <ClInclude Include="game_theship.h">
      <Filter>Header Files</Filter>
    </ClInclude>
    <ClInclude Include="game_theyhunger.h">
      <Filter>Header Files</Filter>
    </ClInclude>
  </ItemGroup>
</Project>